// !$*UTF8*$!
{
	archiveVersion = 1;
	classes = {
	};
	objectVersion = 46;
	objects = {

/* Begin PBXBuildFile section */
		6579E5741EA9470600B75614 /* main.cc in Sources */ = {isa = PBXBuildFile; fileRef = 6579E5731EA9470600B75614 /* main.cc */; };
		65B534CF1EA9432F00ACA83C /* especie.cc in Sources */ = {isa = PBXBuildFile; fileRef = 65B534C51EA9432F00ACA83C /* especie.cc */; };
		65B534D01EA9432F00ACA83C /* individu.cc in Sources */ = {isa = PBXBuildFile; fileRef = 65B534C81EA9432F00ACA83C /* individu.cc */; };
		65B534D21EA9432F00ACA83C /* parell_cromosoma.cc in Sources */ = {isa = PBXBuildFile; fileRef = 65B534CB1EA9432F00ACA83C /* parell_cromosoma.cc */; };
		65B534D31EA9432F00ACA83C /* poblacio.cc in Sources */ = {isa = PBXBuildFile; fileRef = 65B534CD1EA9432F00ACA83C /* poblacio.cc */; };
/* End PBXBuildFile section */

/* Begin PBXCopyFilesBuildPhase section */
		65B534B91EA942F700ACA83C /* CopyFiles */ = {
			isa = PBXCopyFilesBuildPhase;
			buildActionMask = 2147483647;
			dstPath = /usr/share/man/man1/;
			dstSubfolderSpec = 0;
			files = (
			);
			runOnlyForDeploymentPostprocessing = 1;
		};
/* End PBXCopyFilesBuildPhase section */

/* Begin PBXFileReference section */
		6579E5731EA9470600B75614 /* main.cc */ = {isa = PBXFileReference; fileEncoding = 4; lastKnownFileType = sourcecode.cpp.cpp; name = main.cc; path = ../files/main.cc; sourceTree = "<group>"; };
		65B534BB1EA942F700ACA83C /* PROJECT */ = {isa = PBXFileReference; explicitFileType = "compiled.mach-o.executable"; includeInIndex = 0; path = PROJECT; sourceTree = BUILT_PRODUCTS_DIR; };
		65B534C51EA9432F00ACA83C /* especie.cc */ = {isa = PBXFileReference; fileEncoding = 4; lastKnownFileType = sourcecode.cpp.cpp; name = especie.cc; path = ../files/especie.cc; sourceTree = "<group>"; };
		65B534C61EA9432F00ACA83C /* especie.hh */ = {isa = PBXFileReference; fileEncoding = 4; lastKnownFileType = sourcecode.cpp.h; name = especie.hh; path = ../files/especie.hh; sourceTree = "<group>"; };
		65B534C71EA9432F00ACA83C /* Excepcio.hh */ = {isa = PBXFileReference; fileEncoding = 4; lastKnownFileType = sourcecode.cpp.h; name = Excepcio.hh; path = ../files/Excepcio.hh; sourceTree = "<group>"; };
		65B534C81EA9432F00ACA83C /* individu.cc */ = {isa = PBXFileReference; fileEncoding = 4; lastKnownFileType = sourcecode.cpp.cpp; name = individu.cc; path = ../files/individu.cc; sourceTree = "<group>"; };
		65B534C91EA9432F00ACA83C /* individu.hh */ = {isa = PBXFileReference; fileEncoding = 4; lastKnownFileType = sourcecode.cpp.h; name = individu.hh; path = ../files/individu.hh; sourceTree = "<group>"; };
		65B534CB1EA9432F00ACA83C /* parell_cromosoma.cc */ = {isa = PBXFileReference; fileEncoding = 4; lastKnownFileType = sourcecode.cpp.cpp; name = parell_cromosoma.cc; path = ../files/parell_cromosoma.cc; sourceTree = "<group>"; };
		65B534CC1EA9432F00ACA83C /* parell_cromosoma.hh */ = {isa = PBXFileReference; fileEncoding = 4; lastKnownFileType = sourcecode.cpp.h; name = parell_cromosoma.hh; path = ../files/parell_cromosoma.hh; sourceTree = "<group>"; };
		65B534CD1EA9432F00ACA83C /* poblacio.cc */ = {isa = PBXFileReference; fileEncoding = 4; lastKnownFileType = sourcecode.cpp.cpp; name = poblacio.cc; path = ../files/poblacio.cc; sourceTree = "<group>"; };
		65B534CE1EA9432F00ACA83C /* poblacio.hh */ = {isa = PBXFileReference; fileEncoding = 4; lastKnownFileType = sourcecode.cpp.h; name = poblacio.hh; path = ../files/poblacio.hh; sourceTree = "<group>"; };
/* End PBXFileReference section */

/* Begin PBXFrameworksBuildPhase section */
		65B534B81EA942F700ACA83C /* Frameworks */ = {
			isa = PBXFrameworksBuildPhase;
			buildActionMask = 2147483647;
			files = (
			);
			runOnlyForDeploymentPostprocessing = 0;
		};
/* End PBXFrameworksBuildPhase section */

/* Begin PBXGroup section */
		65B534B21EA942F700ACA83C = {
			isa = PBXGroup;
			children = (
				6579E5731EA9470600B75614 /* main.cc */,
				65B534D41EA9433700ACA83C /* Headers Code */,
				65B534D51EA9434500ACA83C /* Headers */,
				65B534BC1EA942F700ACA83C /* Products */,
			);
			sourceTree = "<group>";
		};
		65B534BC1EA942F700ACA83C /* Products */ = {
			isa = PBXGroup;
			children = (
				65B534BB1EA942F700ACA83C /* PROJECT */,
			);
			name = Products;
			sourceTree = "<group>";
		};
		65B534D41EA9433700ACA83C /* Headers Code */ = {
			isa = PBXGroup;
			children = (
				65B534C51EA9432F00ACA83C /* especie.cc */,
				65B534C81EA9432F00ACA83C /* individu.cc */,
				65B534CB1EA9432F00ACA83C /* parell_cromosoma.cc */,
				65B534CD1EA9432F00ACA83C /* poblacio.cc */,
			);
			name = "Headers Code";
			sourceTree = "<group>";
		};
		65B534D51EA9434500ACA83C /* Headers */ = {
			isa = PBXGroup;
			children = (
				65B534C61EA9432F00ACA83C /* especie.hh */,
				65B534C71EA9432F00ACA83C /* Excepcio.hh */,
				65B534C91EA9432F00ACA83C /* individu.hh */,
				65B534CC1EA9432F00ACA83C /* parell_cromosoma.hh */,
				65B534CE1EA9432F00ACA83C /* poblacio.hh */,
			);
			name = Headers;
			sourceTree = "<group>";
		};
/* End PBXGroup section */

/* Begin PBXNativeTarget section */
		65B534BA1EA942F700ACA83C /* PROJECT */ = {
			isa = PBXNativeTarget;
			buildConfigurationList = 65B534C21EA942F700ACA83C /* Build configuration list for PBXNativeTarget "PROJECT" */;
			buildPhases = (
				65B534B71EA942F700ACA83C /* Sources */,
				65B534B81EA942F700ACA83C /* Frameworks */,
				65B534B91EA942F700ACA83C /* CopyFiles */,
			);
			buildRules = (
			);
			dependencies = (
			);
			name = PROJECT;
			productName = PROJECT;
			productReference = 65B534BB1EA942F700ACA83C /* PROJECT */;
			productType = "com.apple.product-type.tool";
		};
/* End PBXNativeTarget section */

/* Begin PBXProject section */
		65B534B31EA942F700ACA83C /* Project object */ = {
			isa = PBXProject;
			attributes = {
				LastUpgradeCheck = 0820;
				ORGANIZATIONNAME = Sedrk;
				TargetAttributes = {
					65B534BA1EA942F700ACA83C = {
						CreatedOnToolsVersion = 8.2.1;
						ProvisioningStyle = Automatic;
					};
				};
			};
			buildConfigurationList = 65B534B61EA942F700ACA83C /* Build configuration list for PBXProject "PROJECT" */;
			compatibilityVersion = "Xcode 3.2";
			developmentRegion = English;
			hasScannedForEncodings = 0;
			knownRegions = (
				en,
			);
			mainGroup = 65B534B21EA942F700ACA83C;
			productRefGroup = 65B534BC1EA942F700ACA83C /* Products */;
			projectDirPath = "";
			projectRoot = "";
			targets = (
				65B534BA1EA942F700ACA83C /* PROJECT */,
			);
		};
/* End PBXProject section */

/* Begin PBXSourcesBuildPhase section */
		65B534B71EA942F700ACA83C /* Sources */ = {
			isa = PBXSourcesBuildPhase;
			buildActionMask = 2147483647;
			files = (
				65B534CF1EA9432F00ACA83C /* especie.cc in Sources */,
				65B534D21EA9432F00ACA83C /* parell_cromosoma.cc in Sources */,
				65B534D31EA9432F00ACA83C /* poblacio.cc in Sources */,
				65B534D01EA9432F00ACA83C /* individu.cc in Sources */,
				6579E5741EA9470600B75614 /* main.cc in Sources */,
			);
			runOnlyForDeploymentPostprocessing = 0;
		};
/* End PBXSourcesBuildPhase section */

/* Begin XCBuildConfiguration section */
		65B534C01EA942F700ACA83C /* Debug */ = {
			isa = XCBuildConfiguration;
			buildSettings = {
				ALWAYS_SEARCH_USER_PATHS = NO;
				CLANG_ANALYZER_NONNULL = YES;
				CLANG_CXX_LANGUAGE_STANDARD = "gnu++0x";
				CLANG_CXX_LIBRARY = "libc++";
				CLANG_ENABLE_MODULES = YES;
				CLANG_ENABLE_OBJC_ARC = YES;
				CLANG_WARN_BOOL_CONVERSION = YES;
				CLANG_WARN_CONSTANT_CONVERSION = YES;
				CLANG_WARN_DIRECT_OBJC_ISA_USAGE = YES_ERROR;
				CLANG_WARN_DOCUMENTATION_COMMENTS = YES;
				CLANG_WARN_EMPTY_BODY = YES;
				CLANG_WARN_ENUM_CONVERSION = YES;
				CLANG_WARN_INFINITE_RECURSION = YES;
				CLANG_WARN_INT_CONVERSION = YES;
				CLANG_WARN_OBJC_ROOT_CLASS = YES_ERROR;
				CLANG_WARN_SUSPICIOUS_MOVE = YES;
				CLANG_WARN_UNREACHABLE_CODE = YES;
				CLANG_WARN__DUPLICATE_METHOD_MATCH = YES;
				CODE_SIGN_IDENTITY = "-";
				COPY_PHASE_STRIP = NO;
				DEBUG_INFORMATION_FORMAT = dwarf;
				ENABLE_STRICT_OBJC_MSGSEND = YES;
				ENABLE_TESTABILITY = YES;
				GCC_C_LANGUAGE_STANDARD = gnu99;
				GCC_DYNAMIC_NO_PIC = NO;
				GCC_NO_COMMON_BLOCKS = YES;
				GCC_OPTIMIZATION_LEVEL = 0;
				GCC_PREPROCESSOR_DEFINITIONS = (
					"DEBUG=1",
					"$(inherited)",
				);
				GCC_WARN_64_TO_32_BIT_CONVERSION = YES;
				GCC_WARN_ABOUT_RETURN_TYPE = YES_ERROR;
				GCC_WARN_UNDECLARED_SELECTOR = YES;
				GCC_WARN_UNINITIALIZED_AUTOS = YES_AGGRESSIVE;
				GCC_WARN_UNUSED_FUNCTION = YES;
				GCC_WARN_UNUSED_VARIABLE = YES;
				MACOSX_DEPLOYMENT_TARGET = 10.12;
				MTL_ENABLE_DEBUG_INFO = YES;
				ONLY_ACTIVE_ARCH = YES;
				SDKROOT = macosx;
			};
			name = Debug;
		};
		65B534C11EA942F700ACA83C /* Release */ = {
			isa = XCBuildConfiguration;
			buildSettings = {
				ALWAYS_SEARCH_USER_PATHS = NO;
				CLANG_ANALYZER_NONNULL = YES;
				CLANG_CXX_LANGUAGE_STANDARD = "gnu++0x";
				CLANG_CXX_LIBRARY = "libc++";
				CLANG_ENABLE_MODULES = YES;
				CLANG_ENABLE_OBJC_ARC = YES;
				CLANG_WARN_BOOL_CONVERSION = YES;
				CLANG_WARN_CONSTANT_CONVERSION = YES;
				CLANG_WARN_DIRECT_OBJC_ISA_USAGE = YES_ERROR;
				CLANG_WARN_DOCUMENTATION_COMMENTS = YES;
				CLANG_WARN_EMPTY_BODY = YES;
				CLANG_WARN_ENUM_CONVERSION = YES;
				CLANG_WARN_INFINITE_RECURSION = YES;
				CLANG_WARN_INT_CONVERSION = YES;
				CLANG_WARN_OBJC_ROOT_CLASS = YES_ERROR;
				CLANG_WARN_SUSPICIOUS_MOVE = YES;
				CLANG_WARN_UNREACHABLE_CODE = YES;
				CLANG_WARN__DUPLICATE_METHOD_MATCH = YES;
				CODE_SIGN_IDENTITY = "-";
				COPY_PHASE_STRIP = NO;
				DEBUG_INFORMATION_FORMAT = "dwarf-with-dsym";
				ENABLE_NS_ASSERTIONS = NO;
				ENABLE_STRICT_OBJC_MSGSEND = YES;
				GCC_C_LANGUAGE_STANDARD = gnu99;
				GCC_NO_COMMON_BLOCKS = YES;
				GCC_WARN_64_TO_32_BIT_CONVERSION = YES;
				GCC_WARN_ABOUT_RETURN_TYPE = YES_ERROR;
				GCC_WARN_UNDECLARED_SELECTOR = YES;
				GCC_WARN_UNINITIALIZED_AUTOS = YES_AGGRESSIVE;
				GCC_WARN_UNUSED_FUNCTION = YES;
				GCC_WARN_UNUSED_VARIABLE = YES;
				MACOSX_DEPLOYMENT_TARGET = 10.12;
				MTL_ENABLE_DEBUG_INFO = NO;
				SDKROOT = macosx;
			};
			name = Release;
		};
		65B534C31EA942F700ACA83C /* Debug */ = {
			isa = XCBuildConfiguration;
			buildSettings = {
				PRODUCT_NAME = "$(TARGET_NAME)";
			};
			name = Debug;
		};
		65B534C41EA942F700ACA83C /* Release */ = {
			isa = XCBuildConfiguration;
			buildSettings = {
				PRODUCT_NAME = "$(TARGET_NAME)";
			};
			name = Release;
		};
/* End XCBuildConfiguration section */

/* Begin XCConfigurationList section */
		65B534B61EA942F700ACA83C /* Build configuration list for PBXProject "PROJECT" */ = {
			isa = XCConfigurationList;
			buildConfigurations = (
				65B534C01EA942F700ACA83C /* Debug */,
				65B534C11EA942F700ACA83C /* Release */,
			);
			defaultConfigurationIsVisible = 0;
			defaultConfigurationName = Release;
		};
		65B534C21EA942F700ACA83C /* Build configuration list for PBXNativeTarget "PROJECT" */ = {
			isa = XCConfigurationList;
			buildConfigurations = (
				65B534C31EA942F700ACA83C /* Debug */,
				65B534C41EA942F700ACA83C /* Release */,
			);
			defaultConfigurationIsVisible = 0;
			defaultConfigurationName = Release;
		};
/* End XCConfigurationList section */
	};
	rootObject = 65B534B31EA942F700ACA83C /* Project object */;
}
